
Microsoft Visual Studio Solution File, Format Version 12.00
# Visual Studio 15
VisualStudioVersion = 15.0.27703.2042
MinimumVisualStudioVersion = 10.0.40219.1
Project("{FAE04EC0-301F-11D3-BF4B-00C04F79EFBC}") = "NewXFormsFeatures.Android", "NewXFormsFeatures\NewXFormsFeatures.Android\NewXFormsFeatures.Android.csproj", "{B9BE82E6-CF19-47CA-9ECF-4204A8319ED5}"
EndProject
Project("{FAE04EC0-301F-11D3-BF4B-00C04F79EFBC}") = "NewXFormsFeatures.iOS", "NewXFormsFeatures\NewXFormsFeatures.iOS\NewXFormsFeatures.iOS.csproj", "{62005C54-9162-4DAE-ACF8-86DB5D7647FD}"
EndProject
Project("{FAE04EC0-301F-11D3-BF4B-00C04F79EFBC}") = "NewXFormsFeatures.UWP", "NewXFormsFeatures\NewXFormsFeatures.UWP\NewXFormsFeatures.UWP.csproj", "{02D26EAB-ACE5-447C-929E-3B97425152CE}"
EndProject
Project("{FAE04EC0-301F-11D3-BF4B-00C04F79EFBC}") = "NewXFormsFeatures", "NewXFormsFeatures\NewXFormsFeatures\NewXFormsFeatures.csproj", "{6983D4E2-F28A-4531-B499-CC9BD010AC87}"
EndProject
Global
	GlobalSection(SolutionConfigurationPlatforms) = preSolution
		Debug|Any CPU = Debug|Any CPU
		Debug|ARM = Debug|ARM
		Debug|iPhone = Debug|iPhone
		Debug|iPhoneSimulator = Debug|iPhoneSimulator
		Debug|x64 = Debug|x64
		Debug|x86 = Debug|x86
		Release|Any CPU = Release|Any CPU
		Release|ARM = Release|ARM
		Release|iPhone = Release|iPhone
		Release|iPhoneSimulator = Release|iPhoneSimulator
		Release|x64 = Release|x64
		Release|x86 = Release|x86
	EndGlobalSection
	GlobalSection(ProjectConfigurationPlatforms) = postSolution
		{B9BE82E6-CF19-47CA-9ECF-4204A8319ED5}.Debug|Any CPU.ActiveCfg = Debug|Any CPU
		{B9BE82E6-CF19-47CA-9ECF-4204A8319ED5}.Debug|Any CPU.Build.0 = Debug|Any CPU
		{B9BE82E6-CF19-47CA-9ECF-4204A8319ED5}.Debug|Any CPU.Deploy.0 = Debug|Any CPU
		{B9BE82E6-CF19-47CA-9ECF-4204A8319ED5}.Debug|ARM.ActiveCfg = Debug|Any CPU
		{B9BE82E6-CF19-47CA-9ECF-4204A8319ED5}.Debug|ARM.Build.0 = Debug|Any CPU
		{B9BE82E6-CF19-47CA-9ECF-4204A8319ED5}.Debug|ARM.Deploy.0 = Debug|Any CPU
		{B9BE82E6-CF19-47CA-9ECF-4204A8319ED5}.Debug|iPhone.ActiveCfg = Debug|Any CPU
		{B9BE82E6-CF19-47CA-9ECF-4204A8319ED5}.Debug|iPhone.Build.0 = Debug|Any CPU
		{B9BE82E6-CF19-47CA-9ECF-4204A8319ED5}.Debug|iPhone.Deploy.0 = Debug|Any CPU
		{B9BE82E6-CF19-47CA-9ECF-4204A8319ED5}.Debug|iPhoneSimulator.ActiveCfg = Debug|Any CPU
		{B9BE82E6-CF19-47CA-9ECF-4204A8319ED5}.Debug|iPhoneSimulator.Build.0 = Debug|Any CPU
		{B9BE82E6-CF19-47CA-9ECF-4204A8319ED5}.Debug|iPhoneSimulator.Deploy.0 = Debug|Any CPU
		{B9BE82E6-CF19-47CA-9ECF-4204A8319ED5}.Debug|x64.ActiveCfg = Debug|Any CPU
		{B9BE82E6-CF19-47CA-9ECF-4204A8319ED5}.Debug|x64.Build.0 = Debug|Any CPU
		{B9BE82E6-CF19-47CA-9ECF-4204A8319ED5}.Debug|x64.Deploy.0 = Debug|Any CPU
		{B9BE82E6-CF19-47CA-9ECF-4204A8319ED5}.Debug|x86.ActiveCfg = Debug|Any CPU
		{B9BE82E6-CF19-47CA-9ECF-4204A8319ED5}.Debug|x86.Build.0 = Debug|Any CPU
		{B9BE82E6-CF19-47CA-9ECF-4204A8319ED5}.Debug|x86.Deploy.0 = Debug|Any CPU
		{B9BE82E6-CF19-47CA-9ECF-4204A8319ED5}.Release|Any CPU.ActiveCfg = Release|Any CPU
		{B9BE82E6-CF19-47CA-9ECF-4204A8319ED5}.Release|Any CPU.Build.0 = Release|Any CPU
		{B9BE82E6-CF19-47CA-9ECF-4204A8319ED5}.Release|Any CPU.Deploy.0 = Release|Any CPU
		{B9BE82E6-CF19-47CA-9ECF-4204A8319ED5}.Release|ARM.ActiveCfg = Release|Any CPU
		{B9BE82E6-CF19-47CA-9ECF-4204A8319ED5}.Release|ARM.Build.0 = Release|Any CPU
		{B9BE82E6-CF19-47CA-9ECF-4204A8319ED5}.Release|ARM.Deploy.0 = Release|Any CPU
		{B9BE82E6-CF19-47CA-9ECF-4204A8319ED5}.Release|iPhone.ActiveCfg = Release|Any CPU
		{B9BE82E6-CF19-47CA-9ECF-4204A8319ED5}.Release|iPhone.Build.0 = Release|Any CPU
		{B9BE82E6-CF19-47CA-9ECF-4204A8319ED5}.Release|iPhone.Deploy.0 = Release|Any CPU
		{B9BE82E6-CF19-47CA-9ECF-4204A8319ED5}.Release|iPhoneSimulator.ActiveCfg = Release|Any CPU
		{B9BE82E6-CF19-47CA-9ECF-4204A8319ED5}.Release|iPhoneSimulator.Build.0 = Release|Any CPU
		{B9BE82E6-CF19-47CA-9ECF-4204A8319ED5}.Release|iPhoneSimulator.Deploy.0 = Release|Any CPU
		{B9BE82E6-CF19-47CA-9ECF-4204A8319ED5}.Release|x64.ActiveCfg = Release|Any CPU
		{B9BE82E6-CF19-47CA-9ECF-4204A8319ED5}.Release|x64.Build.0 = Release|Any CPU
		{B9BE82E6-CF19-47CA-9ECF-4204A8319ED5}.Release|x64.Deploy.0 = Release|Any CPU
		{B9BE82E6-CF19-47CA-9ECF-4204A8319ED5}.Release|x86.ActiveCfg = Release|Any CPU
		{B9BE82E6-CF19-47CA-9ECF-4204A8319ED5}.Release|x86.Build.0 = Release|Any CPU
		{B9BE82E6-CF19-47CA-9ECF-4204A8319ED5}.Release|x86.Deploy.0 = Release|Any CPU
		{62005C54-9162-4DAE-ACF8-86DB5D7647FD}.Debug|Any CPU.ActiveCfg = Debug|iPhoneSimulator
		{62005C54-9162-4DAE-ACF8-86DB5D7647FD}.Debug|Any CPU.Build.0 = Debug|iPhoneSimulator
		{62005C54-9162-4DAE-ACF8-86DB5D7647FD}.Debug|Any CPU.Deploy.0 = Debug|iPhoneSimulator
		{62005C54-9162-4DAE-ACF8-86DB5D7647FD}.Debug|ARM.ActiveCfg = Debug|iPhone
		{62005C54-9162-4DAE-ACF8-86DB5D7647FD}.Debug|ARM.Build.0 = Debug|iPhone
		{62005C54-9162-4DAE-ACF8-86DB5D7647FD}.Debug|ARM.Deploy.0 = Debug|iPhone
		{62005C54-9162-4DAE-ACF8-86DB5D7647FD}.Debug|iPhone.ActiveCfg = Debug|iPhone
		{62005C54-9162-4DAE-ACF8-86DB5D7647FD}.Debug|iPhone.Build.0 = Debug|iPhone
		{62005C54-9162-4DAE-ACF8-86DB5D7647FD}.Debug|iPhone.Deploy.0 = Debug|iPhone
		{62005C54-9162-4DAE-ACF8-86DB5D7647FD}.Debug|iPhoneSimulator.ActiveCfg = Debug|iPhoneSimulator
		{62005C54-9162-4DAE-ACF8-86DB5D7647FD}.Debug|iPhoneSimulator.Build.0 = Debug|iPhoneSimulator
		{62005C54-9162-4DAE-ACF8-86DB5D7647FD}.Debug|iPhoneSimulator.Deploy.0 = Debug|iPhoneSimulator
		{62005C54-9162-4DAE-ACF8-86DB5D7647FD}.Debug|x64.ActiveCfg = Debug|iPhone
		{62005C54-9162-4DAE-ACF8-86DB5D7647FD}.Debug|x64.Build.0 = Debug|iPhone
		{62005C54-9162-4DAE-ACF8-86DB5D7647FD}.Debug|x64.Deploy.0 = Debug|iPhone
		{62005C54-9162-4DAE-ACF8-86DB5D7647FD}.Debug|x86.ActiveCfg = Debug|iPhone
		{62005C54-9162-4DAE-ACF8-86DB5D7647FD}.Debug|x86.Build.0 = Debug|iPhone
		{62005C54-9162-4DAE-ACF8-86DB5D7647FD}.Debug|x86.Deploy.0 = Debug|iPhone
		{62005C54-9162-4DAE-ACF8-86DB5D7647FD}.Release|Any CPU.ActiveCfg = Release|iPhone
		{62005C54-9162-4DAE-ACF8-86DB5D7647FD}.Release|Any CPU.Build.0 = Release|iPhone
		{62005C54-9162-4DAE-ACF8-86DB5D7647FD}.Release|Any CPU.Deploy.0 = Release|iPhone
		{62005C54-9162-4DAE-ACF8-86DB5D7647FD}.Release|ARM.ActiveCfg = Release|iPhone
		{62005C54-9162-4DAE-ACF8-86DB5D7647FD}.Release|ARM.Build.0 = Release|iPhone
		{62005C54-9162-4DAE-ACF8-86DB5D7647FD}.Release|ARM.Deploy.0 = Release|iPhone
		{62005C54-9162-4DAE-ACF8-86DB5D7647FD}.Release|iPhone.ActiveCfg = Release|iPhone
		{62005C54-9162-4DAE-ACF8-86DB5D7647FD}.Release|iPhone.Build.0 = Release|iPhone
		{62005C54-9162-4DAE-ACF8-86DB5D7647FD}.Release|iPhone.Deploy.0 = Release|iPhone
		{62005C54-9162-4DAE-ACF8-86DB5D7647FD}.Release|iPhoneSimulator.ActiveCfg = Release|iPhoneSimulator
		{62005C54-9162-4DAE-ACF8-86DB5D7647FD}.Release|iPhoneSimulator.Build.0 = Release|iPhoneSimulator
		{62005C54-9162-4DAE-ACF8-86DB5D7647FD}.Release|iPhoneSimulator.Deploy.0 = Release|iPhoneSimulator
		{62005C54-9162-4DAE-ACF8-86DB5D7647FD}.Release|x64.ActiveCfg = Release|iPhone
		{62005C54-9162-4DAE-ACF8-86DB5D7647FD}.Release|x64.Build.0 = Release|iPhone
		{62005C54-9162-4DAE-ACF8-86DB5D7647FD}.Release|x64.Deploy.0 = Release|iPhone
		{62005C54-9162-4DAE-ACF8-86DB5D7647FD}.Release|x86.ActiveCfg = Release|iPhone
		{62005C54-9162-4DAE-ACF8-86DB5D7647FD}.Release|x86.Build.0 = Release|iPhone
		{62005C54-9162-4DAE-ACF8-86DB5D7647FD}.Release|x86.Deploy.0 = Release|iPhone
		{02D26EAB-ACE5-447C-929E-3B97425152CE}.Debug|Any CPU.ActiveCfg = Debug|x86
		{02D26EAB-ACE5-447C-929E-3B97425152CE}.Debug|Any CPU.Build.0 = Debug|x86
		{02D26EAB-ACE5-447C-929E-3B97425152CE}.Debug|Any CPU.Deploy.0 = Debug|x86
		{02D26EAB-ACE5-447C-929E-3B97425152CE}.Debug|ARM.ActiveCfg = Debug|ARM
		{02D26EAB-ACE5-447C-929E-3B97425152CE}.Debug|ARM.Build.0 = Debug|ARM
		{02D26EAB-ACE5-447C-929E-3B97425152CE}.Debug|ARM.Deploy.0 = Debug|ARM
		{02D26EAB-ACE5-447C-929E-3B97425152CE}.Debug|iPhone.ActiveCfg = Debug|x86
		{02D26EAB-ACE5-447C-929E-3B97425152CE}.Debug|iPhone.Build.0 = Debug|x86
		{02D26EAB-ACE5-447C-929E-3B97425152CE}.Debug|iPhone.Deploy.0 = Debug|x86
		{02D26EAB-ACE5-447C-929E-3B97425152CE}.Debug|iPhoneSimulator.ActiveCfg = Debug|x86
		{02D26EAB-ACE5-447C-929E-3B97425152CE}.Debug|iPhoneSimulator.Build.0 = Debug|x86
		{02D26EAB-ACE5-447C-929E-3B97425152CE}.Debug|iPhoneSimulator.Deploy.0 = Debug|x86
		{02D26EAB-ACE5-447C-929E-3B97425152CE}.Debug|x64.ActiveCfg = Debug|x64
		{02D26EAB-ACE5-447C-929E-3B97425152CE}.Debug|x64.Build.0 = Debug|x64
		{02D26EAB-ACE5-447C-929E-3B97425152CE}.Debug|x64.Deploy.0 = Debug|x64
		{02D26EAB-ACE5-447C-929E-3B97425152CE}.Debug|x86.ActiveCfg = Debug|x86
		{02D26EAB-ACE5-447C-929E-3B97425152CE}.Debug|x86.Build.0 = Debug|x86
		{02D26EAB-ACE5-447C-929E-3B97425152CE}.Debug|x86.Deploy.0 = Debug|x86
		{02D26EAB-ACE5-447C-929E-3B97425152CE}.Release|Any CPU.ActiveCfg = Release|x86
		{02D26EAB-ACE5-447C-929E-3B97425152CE}.Release|Any CPU.Build.0 = Release|x86
		{02D26EAB-ACE5-447C-929E-3B97425152CE}.Release|Any CPU.Deploy.0 = Release|x86
		{02D26EAB-ACE5-447C-929E-3B97425152CE}.Release|ARM.ActiveCfg = Release|ARM
		{02D26EAB-ACE5-447C-929E-3B97425152CE}.Release|ARM.Build.0 = Release|ARM
		{02D26EAB-ACE5-447C-929E-3B97425152CE}.Release|ARM.Deploy.0 = Release|ARM
		{02D26EAB-ACE5-447C-929E-3B97425152CE}.Release|iPhone.ActiveCfg = Release|x86
		{02D26EAB-ACE5-447C-929E-3B97425152CE}.Release|iPhone.Build.0 = Release|x86
		{02D26EAB-ACE5-447C-929E-3B97425152CE}.Release|iPhone.Deploy.0 = Release|x86
		{02D26EAB-ACE5-447C-929E-3B97425152CE}.Release|iPhoneSimulator.ActiveCfg = Release|x86
		{02D26EAB-ACE5-447C-929E-3B97425152CE}.Release|iPhoneSimulator.Build.0 = Release|x86
		{02D26EAB-ACE5-447C-929E-3B97425152CE}.Release|iPhoneSimulator.Deploy.0 = Release|x86
		{02D26EAB-ACE5-447C-929E-3B97425152CE}.Release|x64.ActiveCfg = Release|x64
		{02D26EAB-ACE5-447C-929E-3B97425152CE}.Release|x64.Build.0 = Release|x64
		{02D26EAB-ACE5-447C-929E-3B97425152CE}.Release|x64.Deploy.0 = Release|x64
		{02D26EAB-ACE5-447C-929E-3B97425152CE}.Release|x86.ActiveCfg = Release|x86
		{02D26EAB-ACE5-447C-929E-3B97425152CE}.Release|x86.Build.0 = Release|x86
		{02D26EAB-ACE5-447C-929E-3B97425152CE}.Release|x86.Deploy.0 = Release|x86
		{6983D4E2-F28A-4531-B499-CC9BD010AC87}.Debug|Any CPU.ActiveCfg = Debug|Any CPU
		{6983D4E2-F28A-4531-B499-CC9BD010AC87}.Debug|Any CPU.Build.0 = Debug|Any CPU
		{6983D4E2-F28A-4531-B499-CC9BD010AC87}.Debug|Any CPU.Deploy.0 = Debug|Any CPU
		{6983D4E2-F28A-4531-B499-CC9BD010AC87}.Debug|ARM.ActiveCfg = Debug|Any CPU
		{6983D4E2-F28A-4531-B499-CC9BD010AC87}.Debug|ARM.Build.0 = Debug|Any CPU
		{6983D4E2-F28A-4531-B499-CC9BD010AC87}.Debug|ARM.Deploy.0 = Debug|Any CPU
		{6983D4E2-F28A-4531-B499-CC9BD010AC87}.Debug|iPhone.ActiveCfg = Debug|Any CPU
		{6983D4E2-F28A-4531-B499-CC9BD010AC87}.Debug|iPhone.Build.0 = Debug|Any CPU
		{6983D4E2-F28A-4531-B499-CC9BD010AC87}.Debug|iPhone.Deploy.0 = Debug|Any CPU
		{6983D4E2-F28A-4531-B499-CC9BD010AC87}.Debug|iPhoneSimulator.ActiveCfg = Debug|Any CPU
		{6983D4E2-F28A-4531-B499-CC9BD010AC87}.Debug|iPhoneSimulator.Build.0 = Debug|Any CPU
		{6983D4E2-F28A-4531-B499-CC9BD010AC87}.Debug|iPhoneSimulator.Deploy.0 = Debug|Any CPU
		{6983D4E2-F28A-4531-B499-CC9BD010AC87}.Debug|x64.ActiveCfg = Debug|Any CPU
		{6983D4E2-F28A-4531-B499-CC9BD010AC87}.Debug|x64.Build.0 = Debug|Any CPU
		{6983D4E2-F28A-4531-B499-CC9BD010AC87}.Debug|x64.Deploy.0 = Debug|Any CPU
		{6983D4E2-F28A-4531-B499-CC9BD010AC87}.Debug|x86.ActiveCfg = Debug|Any CPU
		{6983D4E2-F28A-4531-B499-CC9BD010AC87}.Debug|x86.Build.0 = Debug|Any CPU
		{6983D4E2-F28A-4531-B499-CC9BD010AC87}.Debug|x86.Deploy.0 = Debug|Any CPU
		{6983D4E2-F28A-4531-B499-CC9BD010AC87}.Release|Any CPU.ActiveCfg = Release|Any CPU
		{6983D4E2-F28A-4531-B499-CC9BD010AC87}.Release|Any CPU.Build.0 = Release|Any CPU
		{6983D4E2-F28A-4531-B499-CC9BD010AC87}.Release|Any CPU.Deploy.0 = Release|Any CPU
		{6983D4E2-F28A-4531-B499-CC9BD010AC87}.Release|ARM.ActiveCfg = Release|Any CPU
		{6983D4E2-F28A-4531-B499-CC9BD010AC87}.Release|ARM.Build.0 = Release|Any CPU
		{6983D4E2-F28A-4531-B499-CC9BD010AC87}.Release|ARM.Deploy.0 = Release|Any CPU
		{6983D4E2-F28A-4531-B499-CC9BD010AC87}.Release|iPhone.ActiveCfg = Release|Any CPU
		{6983D4E2-F28A-4531-B499-CC9BD010AC87}.Release|iPhone.Build.0 = Release|Any CPU
		{6983D4E2-F28A-4531-B499-CC9BD010AC87}.Release|iPhone.Deploy.0 = Release|Any CPU
		{6983D4E2-F28A-4531-B499-CC9BD010AC87}.Release|iPhoneSimulator.ActiveCfg = Release|Any CPU
		{6983D4E2-F28A-4531-B499-CC9BD010AC87}.Release|iPhoneSimulator.Build.0 = Release|Any CPU
		{6983D4E2-F28A-4531-B499-CC9BD010AC87}.Release|iPhoneSimulator.Deploy.0 = Release|Any CPU
		{6983D4E2-F28A-4531-B499-CC9BD010AC87}.Release|x64.ActiveCfg = Release|Any CPU
		{6983D4E2-F28A-4531-B499-CC9BD010AC87}.Release|x64.Build.0 = Release|Any CPU
		{6983D4E2-F28A-4531-B499-CC9BD010AC87}.Release|x64.Deploy.0 = Release|Any CPU
		{6983D4E2-F28A-4531-B499-CC9BD010AC87}.Release|x86.ActiveCfg = Release|Any CPU
		{6983D4E2-F28A-4531-B499-CC9BD010AC87}.Release|x86.Build.0 = Release|Any CPU
		{6983D4E2-F28A-4531-B499-CC9BD010AC87}.Release|x86.Deploy.0 = Release|Any CPU
	EndGlobalSection
	GlobalSection(SolutionProperties) = preSolution
		HideSolutionNode = FALSE
	EndGlobalSection
	GlobalSection(ExtensibilityGlobals) = postSolution
		SolutionGuid = {B2AE1BBB-BA30-46D4-8B04-C35F83D2B789}
	EndGlobalSection
EndGlobal
